<?xml version="1.0" encoding="utf-8"?>
<Project ToolsVersion="17.0" xmlns="http://schemas.microsoft.com/developer/msbuild/2003">
  <ItemGroup>
    <CustomBuild Include="C:\Users\syoung\Documents\CppTest\cpptest\examples\Timer\CMakeFiles\b1464a88eec7e1e771228fe75ea5fb6d\generate.stamp.rule">
      <Filter>CMake Rules</Filter>
    </CustomBuild>
  </ItemGroup>
  <ItemGroup>
    <Filter Include="CMake Rules">
      <UniqueIdentifier>{F56943C2-27F6-3B11-95AB-8453494990AD}</UniqueIdentifier>
    </Filter>
  </ItemGroup>
</Project>
