
Microsoft Visual Studio Solution File, Format Version 12.00
# Visual Studio Version 17
Project("{8BC9CEB8-8B4A-11D0-8D11-00A0C91BC942}") = "ALL_BUILD", "ALL_BUILD.vcxproj", "{A6872270-DEDF-37D7-B764-C0ADEC0B21F2}"
	ProjectSection(ProjectDependencies) = postProject
		{D7037488-51D8-3284-955D-C3E8E559FDFC} = {D7037488-51D8-3284-955D-C3E8E559FDFC}
		{E0D0A9EC-0DD9-3423-A403-9247D50C38D2} = {E0D0A9EC-0DD9-3423-A403-9247D50C38D2}
		{6C7200EC-F58C-355D-BEFC-B6AE547083BD} = {6C7200EC-F58C-355D-BEFC-B6AE547083BD}
		{7F067486-59F3-3B5A-83A1-9FF405D28EEF} = {7F067486-59F3-3B5A-83A1-9FF405D28EEF}
	EndProjectSection
EndProject
Project("{8BC9CEB8-8B4A-11D0-8D11-00A0C91BC942}") = "INSTALL", "INSTALL.vcxproj", "{0835F4BB-0C57-3189-BFFB-306CC2C0A3E8}"
	ProjectSection(ProjectDependencies) = postProject
		{A6872270-DEDF-37D7-B764-C0ADEC0B21F2} = {A6872270-DEDF-37D7-B764-C0ADEC0B21F2}
		{D7037488-51D8-3284-955D-C3E8E559FDFC} = {D7037488-51D8-3284-955D-C3E8E559FDFC}
	EndProjectSection
EndProject
Project("{8BC9CEB8-8B4A-11D0-8D11-00A0C91BC942}") = "ZERO_CHECK", "ZERO_CHECK.vcxproj", "{D7037488-51D8-3284-955D-C3E8E559FDFC}"
	ProjectSection(ProjectDependencies) = postProject
	EndProjectSection
EndProject
Project("{8BC9CEB8-8B4A-11D0-8D11-00A0C91BC942}") = "cpptest_lib", "cpptest_lib.vcxproj", "{E0D0A9EC-0DD9-3423-A403-9247D50C38D2}"
	ProjectSection(ProjectDependencies) = postProject
		{D7037488-51D8-3284-955D-C3E8E559FDFC} = {D7037488-51D8-3284-955D-C3E8E559FDFC}
	EndProjectSection
EndProject
Project("{8BC9CEB8-8B4A-11D0-8D11-00A0C91BC942}") = "cpptest_shared", "cpptest_shared.vcxproj", "{6C7200EC-F58C-355D-BEFC-B6AE547083BD}"
	ProjectSection(ProjectDependencies) = postProject
		{D7037488-51D8-3284-955D-C3E8E559FDFC} = {D7037488-51D8-3284-955D-C3E8E559FDFC}
	EndProjectSection
EndProject
Project("{8BC9CEB8-8B4A-11D0-8D11-00A0C91BC942}") = "cpptest_static", "cpptest_static.vcxproj", "{7F067486-59F3-3B5A-83A1-9FF405D28EEF}"
	ProjectSection(ProjectDependencies) = postProject
		{D7037488-51D8-3284-955D-C3E8E559FDFC} = {D7037488-51D8-3284-955D-C3E8E559FDFC}
	EndProjectSection
EndProject
Global
	GlobalSection(SolutionConfigurationPlatforms) = preSolution
		Debug|x64 = Debug|x64
		Release|x64 = Release|x64
		MinSizeRel|x64 = MinSizeRel|x64
		RelWithDebInfo|x64 = RelWithDebInfo|x64
	EndGlobalSection
	GlobalSection(ProjectConfigurationPlatforms) = postSolution
		{A6872270-DEDF-37D7-B764-C0ADEC0B21F2}.Debug|x64.ActiveCfg = Debug|x64
		{A6872270-DEDF-37D7-B764-C0ADEC0B21F2}.Debug|x64.Build.0 = Debug|x64
		{A6872270-DEDF-37D7-B764-C0ADEC0B21F2}.Release|x64.ActiveCfg = Release|x64
		{A6872270-DEDF-37D7-B764-C0ADEC0B21F2}.Release|x64.Build.0 = Release|x64
		{A6872270-DEDF-37D7-B764-C0ADEC0B21F2}.MinSizeRel|x64.ActiveCfg = MinSizeRel|x64
		{A6872270-DEDF-37D7-B764-C0ADEC0B21F2}.MinSizeRel|x64.Build.0 = MinSizeRel|x64
		{A6872270-DEDF-37D7-B764-C0ADEC0B21F2}.RelWithDebInfo|x64.ActiveCfg = RelWithDebInfo|x64
		{A6872270-DEDF-37D7-B764-C0ADEC0B21F2}.RelWithDebInfo|x64.Build.0 = RelWithDebInfo|x64
		{0835F4BB-0C57-3189-BFFB-306CC2C0A3E8}.Debug|x64.ActiveCfg = Debug|x64
		{0835F4BB-0C57-3189-BFFB-306CC2C0A3E8}.Release|x64.ActiveCfg = Release|x64
		{0835F4BB-0C57-3189-BFFB-306CC2C0A3E8}.MinSizeRel|x64.ActiveCfg = MinSizeRel|x64
		{0835F4BB-0C57-3189-BFFB-306CC2C0A3E8}.RelWithDebInfo|x64.ActiveCfg = RelWithDebInfo|x64
		{D7037488-51D8-3284-955D-C3E8E559FDFC}.Debug|x64.ActiveCfg = Debug|x64
		{D7037488-51D8-3284-955D-C3E8E559FDFC}.Debug|x64.Build.0 = Debug|x64
		{D7037488-51D8-3284-955D-C3E8E559FDFC}.Release|x64.ActiveCfg = Release|x64
		{D7037488-51D8-3284-955D-C3E8E559FDFC}.Release|x64.Build.0 = Release|x64
		{D7037488-51D8-3284-955D-C3E8E559FDFC}.MinSizeRel|x64.ActiveCfg = MinSizeRel|x64
		{D7037488-51D8-3284-955D-C3E8E559FDFC}.MinSizeRel|x64.Build.0 = MinSizeRel|x64
		{D7037488-51D8-3284-955D-C3E8E559FDFC}.RelWithDebInfo|x64.ActiveCfg = RelWithDebInfo|x64
		{D7037488-51D8-3284-955D-C3E8E559FDFC}.RelWithDebInfo|x64.Build.0 = RelWithDebInfo|x64
		{E0D0A9EC-0DD9-3423-A403-9247D50C38D2}.Debug|x64.ActiveCfg = Debug|x64
		{E0D0A9EC-0DD9-3423-A403-9247D50C38D2}.Debug|x64.Build.0 = Debug|x64
		{E0D0A9EC-0DD9-3423-A403-9247D50C38D2}.Release|x64.ActiveCfg = Release|x64
		{E0D0A9EC-0DD9-3423-A403-9247D50C38D2}.Release|x64.Build.0 = Release|x64
		{E0D0A9EC-0DD9-3423-A403-9247D50C38D2}.MinSizeRel|x64.ActiveCfg = MinSizeRel|x64
		{E0D0A9EC-0DD9-3423-A403-9247D50C38D2}.MinSizeRel|x64.Build.0 = MinSizeRel|x64
		{E0D0A9EC-0DD9-3423-A403-9247D50C38D2}.RelWithDebInfo|x64.ActiveCfg = RelWithDebInfo|x64
		{E0D0A9EC-0DD9-3423-A403-9247D50C38D2}.RelWithDebInfo|x64.Build.0 = RelWithDebInfo|x64
		{6C7200EC-F58C-355D-BEFC-B6AE547083BD}.Debug|x64.ActiveCfg = Debug|x64
		{6C7200EC-F58C-355D-BEFC-B6AE547083BD}.Debug|x64.Build.0 = Debug|x64
		{6C7200EC-F58C-355D-BEFC-B6AE547083BD}.Release|x64.ActiveCfg = Release|x64
		{6C7200EC-F58C-355D-BEFC-B6AE547083BD}.Release|x64.Build.0 = Release|x64
		{6C7200EC-F58C-355D-BEFC-B6AE547083BD}.MinSizeRel|x64.ActiveCfg = MinSizeRel|x64
		{6C7200EC-F58C-355D-BEFC-B6AE547083BD}.MinSizeRel|x64.Build.0 = MinSizeRel|x64
		{6C7200EC-F58C-355D-BEFC-B6AE547083BD}.RelWithDebInfo|x64.ActiveCfg = RelWithDebInfo|x64
		{6C7200EC-F58C-355D-BEFC-B6AE547083BD}.RelWithDebInfo|x64.Build.0 = RelWithDebInfo|x64
		{7F067486-59F3-3B5A-83A1-9FF405D28EEF}.Debug|x64.ActiveCfg = Debug|x64
		{7F067486-59F3-3B5A-83A1-9FF405D28EEF}.Debug|x64.Build.0 = Debug|x64
		{7F067486-59F3-3B5A-83A1-9FF405D28EEF}.Release|x64.ActiveCfg = Release|x64
		{7F067486-59F3-3B5A-83A1-9FF405D28EEF}.Release|x64.Build.0 = Release|x64
		{7F067486-59F3-3B5A-83A1-9FF405D28EEF}.MinSizeRel|x64.ActiveCfg = MinSizeRel|x64
		{7F067486-59F3-3B5A-83A1-9FF405D28EEF}.MinSizeRel|x64.Build.0 = MinSizeRel|x64
		{7F067486-59F3-3B5A-83A1-9FF405D28EEF}.RelWithDebInfo|x64.ActiveCfg = RelWithDebInfo|x64
		{7F067486-59F3-3B5A-83A1-9FF405D28EEF}.RelWithDebInfo|x64.Build.0 = RelWithDebInfo|x64
	EndGlobalSection
	GlobalSection(ExtensibilityGlobals) = postSolution
		SolutionGuid = {BF4A26C8-5DDC-3EDB-9EA9-FB611677D1B0}
	EndGlobalSection
	GlobalSection(ExtensibilityAddIns) = postSolution
	EndGlobalSection
EndGlobal
