
Microsoft Visual Studio Solution File, Format Version 12.00
# Visual Studio Version 17
Project("{8BC9CEB8-8B4A-11D0-8D11-00A0C91BC942}") = "ALL_BUILD", "ALL_BUILD.vcxproj", "{426089C7-DF30-33AB-BD2A-0E47D19AABA9}"
	ProjectSection(ProjectDependencies) = postProject
		{D4FBC3ED-A0AA-3D00-8962-1572B2501764} = {D4FBC3ED-A0AA-3D00-8962-1572B2501764}
		{06D31E16-85BB-36E6-9897-B04983EB4F13} = {06D31E16-85BB-36E6-9897-B04983EB4F13}
		{44CE20A9-2871-362B-8036-F7B6A211F575} = {44CE20A9-2871-362B-8036-F7B6A211F575}
		{0946DF65-19DF-3146-9268-DFF27E050FBC} = {0946DF65-19DF-3146-9268-DFF27E050FBC}
	EndProjectSection
EndProject
Project("{8BC9CEB8-8B4A-11D0-8D11-00A0C91BC942}") = "INSTALL", "INSTALL.vcxproj", "{567DDA4A-82DC-371B-8E97-C4B853DE2D1C}"
	ProjectSection(ProjectDependencies) = postProject
		{426089C7-DF30-33AB-BD2A-0E47D19AABA9} = {426089C7-DF30-33AB-BD2A-0E47D19AABA9}
		{D4FBC3ED-A0AA-3D00-8962-1572B2501764} = {D4FBC3ED-A0AA-3D00-8962-1572B2501764}
	EndProjectSection
EndProject
Project("{8BC9CEB8-8B4A-11D0-8D11-00A0C91BC942}") = "ZERO_CHECK", "ZERO_CHECK.vcxproj", "{D4FBC3ED-A0AA-3D00-8962-1572B2501764}"
	ProjectSection(ProjectDependencies) = postProject
	EndProjectSection
EndProject
Project("{8BC9CEB8-8B4A-11D0-8D11-00A0C91BC942}") = "cpptest_lib", "cpptest_lib.vcxproj", "{06D31E16-85BB-36E6-9897-B04983EB4F13}"
	ProjectSection(ProjectDependencies) = postProject
		{D4FBC3ED-A0AA-3D00-8962-1572B2501764} = {D4FBC3ED-A0AA-3D00-8962-1572B2501764}
	EndProjectSection
EndProject
Project("{8BC9CEB8-8B4A-11D0-8D11-00A0C91BC942}") = "cpptest_shared", "cpptest_shared.vcxproj", "{44CE20A9-2871-362B-8036-F7B6A211F575}"
	ProjectSection(ProjectDependencies) = postProject
		{D4FBC3ED-A0AA-3D00-8962-1572B2501764} = {D4FBC3ED-A0AA-3D00-8962-1572B2501764}
	EndProjectSection
EndProject
Project("{8BC9CEB8-8B4A-11D0-8D11-00A0C91BC942}") = "cpptest_static", "cpptest_static.vcxproj", "{0946DF65-19DF-3146-9268-DFF27E050FBC}"
	ProjectSection(ProjectDependencies) = postProject
		{D4FBC3ED-A0AA-3D00-8962-1572B2501764} = {D4FBC3ED-A0AA-3D00-8962-1572B2501764}
	EndProjectSection
EndProject
Global
	GlobalSection(SolutionConfigurationPlatforms) = preSolution
		Debug|x64 = Debug|x64
		Release|x64 = Release|x64
		MinSizeRel|x64 = MinSizeRel|x64
		RelWithDebInfo|x64 = RelWithDebInfo|x64
	EndGlobalSection
	GlobalSection(ProjectConfigurationPlatforms) = postSolution
		{426089C7-DF30-33AB-BD2A-0E47D19AABA9}.Debug|x64.ActiveCfg = Debug|x64
		{426089C7-DF30-33AB-BD2A-0E47D19AABA9}.Debug|x64.Build.0 = Debug|x64
		{426089C7-DF30-33AB-BD2A-0E47D19AABA9}.Release|x64.ActiveCfg = Release|x64
		{426089C7-DF30-33AB-BD2A-0E47D19AABA9}.Release|x64.Build.0 = Release|x64
		{426089C7-DF30-33AB-BD2A-0E47D19AABA9}.MinSizeRel|x64.ActiveCfg = MinSizeRel|x64
		{426089C7-DF30-33AB-BD2A-0E47D19AABA9}.MinSizeRel|x64.Build.0 = MinSizeRel|x64
		{426089C7-DF30-33AB-BD2A-0E47D19AABA9}.RelWithDebInfo|x64.ActiveCfg = RelWithDebInfo|x64
		{426089C7-DF30-33AB-BD2A-0E47D19AABA9}.RelWithDebInfo|x64.Build.0 = RelWithDebInfo|x64
		{567DDA4A-82DC-371B-8E97-C4B853DE2D1C}.Debug|x64.ActiveCfg = Debug|x64
		{567DDA4A-82DC-371B-8E97-C4B853DE2D1C}.Release|x64.ActiveCfg = Release|x64
		{567DDA4A-82DC-371B-8E97-C4B853DE2D1C}.MinSizeRel|x64.ActiveCfg = MinSizeRel|x64
		{567DDA4A-82DC-371B-8E97-C4B853DE2D1C}.RelWithDebInfo|x64.ActiveCfg = RelWithDebInfo|x64
		{D4FBC3ED-A0AA-3D00-8962-1572B2501764}.Debug|x64.ActiveCfg = Debug|x64
		{D4FBC3ED-A0AA-3D00-8962-1572B2501764}.Debug|x64.Build.0 = Debug|x64
		{D4FBC3ED-A0AA-3D00-8962-1572B2501764}.Release|x64.ActiveCfg = Release|x64
		{D4FBC3ED-A0AA-3D00-8962-1572B2501764}.Release|x64.Build.0 = Release|x64
		{D4FBC3ED-A0AA-3D00-8962-1572B2501764}.MinSizeRel|x64.ActiveCfg = MinSizeRel|x64
		{D4FBC3ED-A0AA-3D00-8962-1572B2501764}.MinSizeRel|x64.Build.0 = MinSizeRel|x64
		{D4FBC3ED-A0AA-3D00-8962-1572B2501764}.RelWithDebInfo|x64.ActiveCfg = RelWithDebInfo|x64
		{D4FBC3ED-A0AA-3D00-8962-1572B2501764}.RelWithDebInfo|x64.Build.0 = RelWithDebInfo|x64
		{06D31E16-85BB-36E6-9897-B04983EB4F13}.Debug|x64.ActiveCfg = Debug|x64
		{06D31E16-85BB-36E6-9897-B04983EB4F13}.Debug|x64.Build.0 = Debug|x64
		{06D31E16-85BB-36E6-9897-B04983EB4F13}.Release|x64.ActiveCfg = Release|x64
		{06D31E16-85BB-36E6-9897-B04983EB4F13}.Release|x64.Build.0 = Release|x64
		{06D31E16-85BB-36E6-9897-B04983EB4F13}.MinSizeRel|x64.ActiveCfg = MinSizeRel|x64
		{06D31E16-85BB-36E6-9897-B04983EB4F13}.MinSizeRel|x64.Build.0 = MinSizeRel|x64
		{06D31E16-85BB-36E6-9897-B04983EB4F13}.RelWithDebInfo|x64.ActiveCfg = RelWithDebInfo|x64
		{06D31E16-85BB-36E6-9897-B04983EB4F13}.RelWithDebInfo|x64.Build.0 = RelWithDebInfo|x64
		{44CE20A9-2871-362B-8036-F7B6A211F575}.Debug|x64.ActiveCfg = Debug|x64
		{44CE20A9-2871-362B-8036-F7B6A211F575}.Debug|x64.Build.0 = Debug|x64
		{44CE20A9-2871-362B-8036-F7B6A211F575}.Release|x64.ActiveCfg = Release|x64
		{44CE20A9-2871-362B-8036-F7B6A211F575}.Release|x64.Build.0 = Release|x64
		{44CE20A9-2871-362B-8036-F7B6A211F575}.MinSizeRel|x64.ActiveCfg = MinSizeRel|x64
		{44CE20A9-2871-362B-8036-F7B6A211F575}.MinSizeRel|x64.Build.0 = MinSizeRel|x64
		{44CE20A9-2871-362B-8036-F7B6A211F575}.RelWithDebInfo|x64.ActiveCfg = RelWithDebInfo|x64
		{44CE20A9-2871-362B-8036-F7B6A211F575}.RelWithDebInfo|x64.Build.0 = RelWithDebInfo|x64
		{0946DF65-19DF-3146-9268-DFF27E050FBC}.Debug|x64.ActiveCfg = Debug|x64
		{0946DF65-19DF-3146-9268-DFF27E050FBC}.Debug|x64.Build.0 = Debug|x64
		{0946DF65-19DF-3146-9268-DFF27E050FBC}.Release|x64.ActiveCfg = Release|x64
		{0946DF65-19DF-3146-9268-DFF27E050FBC}.Release|x64.Build.0 = Release|x64
		{0946DF65-19DF-3146-9268-DFF27E050FBC}.MinSizeRel|x64.ActiveCfg = MinSizeRel|x64
		{0946DF65-19DF-3146-9268-DFF27E050FBC}.MinSizeRel|x64.Build.0 = MinSizeRel|x64
		{0946DF65-19DF-3146-9268-DFF27E050FBC}.RelWithDebInfo|x64.ActiveCfg = RelWithDebInfo|x64
		{0946DF65-19DF-3146-9268-DFF27E050FBC}.RelWithDebInfo|x64.Build.0 = RelWithDebInfo|x64
	EndGlobalSection
	GlobalSection(ExtensibilityGlobals) = postSolution
		SolutionGuid = {42AD72FD-B27A-3A28-850D-5ECB516DD428}
	EndGlobalSection
	GlobalSection(ExtensibilityAddIns) = postSolution
	EndGlobalSection
EndGlobal
